
Microsoft Visual Studio Solution File, Format Version 12.00
# Visual Studio Version 17
VisualStudioVersion = 17.7.33711.374
MinimumVisualStudioVersion = 10.0.40219.1
Project("{9A19103F-16F7-4668-BE54-9A1E7A4F7556}") = "MovieList", "MovieList\MovieList.csproj", "{01AAA70E-C6FA-4A5E-B306-DF3DE6C51F8B}"
EndProject
Project("{9A19103F-16F7-4668-BE54-9A1E7A4F7556}") = "MovieList.DataAccess", "MovieList.DataAccess\MovieList.DataAccess.csproj", "{579F985D-76A8-4218-AB77-B053952E8AFC}"
EndProject
Project("{9A19103F-16F7-4668-BE54-9A1E7A4F7556}") = "MovieList.Utility", "MovieList.Utility\MovieList.Utility.csproj", "{C719429B-2023-4857-B2DC-76C18CA7A873}"
EndProject
Project("{9A19103F-16F7-4668-BE54-9A1E7A4F7556}") = "MovieList.Models", "MovieList.Models\MovieList.Models.csproj", "{03985467-8973-4FF7-881C-70B0D496BE61}"
EndProject
Project("{2150E333-8FDC-42A3-9474-1A3956D46DE8}") = "Solution Items", "Solution Items", "{BACF54D9-F115-4755-B375-83600ECF5695}"
	ProjectSection(SolutionItems) = preProject
		.editorconfig = .editorconfig
	EndProjectSection
EndProject
Global
	GlobalSection(SolutionConfigurationPlatforms) = preSolution
		Debug|Any CPU = Debug|Any CPU
		Release|Any CPU = Release|Any CPU
	EndGlobalSection
	GlobalSection(ProjectConfigurationPlatforms) = postSolution
		{01AAA70E-C6FA-4A5E-B306-DF3DE6C51F8B}.Debug|Any CPU.ActiveCfg = Debug|Any CPU
		{01AAA70E-C6FA-4A5E-B306-DF3DE6C51F8B}.Debug|Any CPU.Build.0 = Debug|Any CPU
		{01AAA70E-C6FA-4A5E-B306-DF3DE6C51F8B}.Release|Any CPU.ActiveCfg = Release|Any CPU
		{01AAA70E-C6FA-4A5E-B306-DF3DE6C51F8B}.Release|Any CPU.Build.0 = Release|Any CPU
		{579F985D-76A8-4218-AB77-B053952E8AFC}.Debug|Any CPU.ActiveCfg = Debug|Any CPU
		{579F985D-76A8-4218-AB77-B053952E8AFC}.Debug|Any CPU.Build.0 = Debug|Any CPU
		{579F985D-76A8-4218-AB77-B053952E8AFC}.Release|Any CPU.ActiveCfg = Release|Any CPU
		{579F985D-76A8-4218-AB77-B053952E8AFC}.Release|Any CPU.Build.0 = Release|Any CPU
		{C719429B-2023-4857-B2DC-76C18CA7A873}.Debug|Any CPU.ActiveCfg = Debug|Any CPU
		{C719429B-2023-4857-B2DC-76C18CA7A873}.Debug|Any CPU.Build.0 = Debug|Any CPU
		{C719429B-2023-4857-B2DC-76C18CA7A873}.Release|Any CPU.ActiveCfg = Release|Any CPU
		{C719429B-2023-4857-B2DC-76C18CA7A873}.Release|Any CPU.Build.0 = Release|Any CPU
		{03985467-8973-4FF7-881C-70B0D496BE61}.Debug|Any CPU.ActiveCfg = Debug|Any CPU
		{03985467-8973-4FF7-881C-70B0D496BE61}.Debug|Any CPU.Build.0 = Debug|Any CPU
		{03985467-8973-4FF7-881C-70B0D496BE61}.Release|Any CPU.ActiveCfg = Release|Any CPU
		{03985467-8973-4FF7-881C-70B0D496BE61}.Release|Any CPU.Build.0 = Release|Any CPU
	EndGlobalSection
	GlobalSection(SolutionProperties) = preSolution
		HideSolutionNode = FALSE
	EndGlobalSection
	GlobalSection(ExtensibilityGlobals) = postSolution
		SolutionGuid = {67B1CDB2-36F0-406B-9944-9C114C3B0B6B}
	EndGlobalSection
EndGlobal
